// !$*UTF8*$!
{
	archiveVersion = 1;
	classes = {
	};
	objectVersion = 50;
	objects = {

/* Begin PBXBuildFile section */
		E6086FF82478A94E00BAA4AB /* ViewControllerEdit.swift in Sources */ = {isa = PBXBuildFile; fileRef = E6086FF72478A94E00BAA4AB /* ViewControllerEdit.swift */; };
		E63A1A932452A77C0027B34F /* AppDelegate.swift in Sources */ = {isa = PBXBuildFile; fileRef = E63A1A922452A77C0027B34F /* AppDelegate.swift */; };
		E63A1A952452A77C0027B34F /* ViewController.swift in Sources */ = {isa = PBXBuildFile; fileRef = E63A1A942452A77C0027B34F /* ViewController.swift */; };
		E63A1A982452A77C0027B34F /* Main.storyboard in Resources */ = {isa = PBXBuildFile; fileRef = E63A1A962452A77C0027B34F /* Main.storyboard */; };
		E63A1A9B2452A77C0027B34F /* AppAgenda.xcdatamodeld in Sources */ = {isa = PBXBuildFile; fileRef = E63A1A992452A77C0027B34F /* AppAgenda.xcdatamodeld */; };
		E63A1A9D2452A77E0027B34F /* Assets.xcassets in Resources */ = {isa = PBXBuildFile; fileRef = E63A1A9C2452A77E0027B34F /* Assets.xcassets */; };
		E63A1AA02452A77E0027B34F /* LaunchScreen.storyboard in Resources */ = {isa = PBXBuildFile; fileRef = E63A1A9E2452A77E0027B34F /* LaunchScreen.storyboard */; };
		E67CED0E2478C0360030D734 /* jsonClass.swift in Sources */ = {isa = PBXBuildFile; fileRef = E67CED0D2478C0360030D734 /* jsonClass.swift */; };
		E6B66FB32465E83300EC5FD5 /* Agenda.swift in Sources */ = {isa = PBXBuildFile; fileRef = E6B66FB22465E83300EC5FD5 /* Agenda.swift */; };
		E6BA1B922464F1B90009A5AA /* ViewControllerAgregar.swift in Sources */ = {isa = PBXBuildFile; fileRef = E6BA1B912464F1B90009A5AA /* ViewControllerAgregar.swift */; };
		E6BA1B942464F1FC0009A5AA /* TableViewControllerTarea.swift in Sources */ = {isa = PBXBuildFile; fileRef = E6BA1B932464F1FC0009A5AA /* TableViewControllerTarea.swift */; };
		E6BA1B962464F20E0009A5AA /* TableViewControllerDeporte.swift in Sources */ = {isa = PBXBuildFile; fileRef = E6BA1B952464F20E0009A5AA /* TableViewControllerDeporte.swift */; };
		E6BA1B982464F23D0009A5AA /* TableViewControllerCompra.swift in Sources */ = {isa = PBXBuildFile; fileRef = E6BA1B972464F23D0009A5AA /* TableViewControllerCompra.swift */; };
		E6BA1B9A2464F2530009A5AA /* TableViewControllerDevcas.swift in Sources */ = {isa = PBXBuildFile; fileRef = E6BA1B992464F2530009A5AA /* TableViewControllerDevcas.swift */; };
		E6BA1B9C2464F2740009A5AA /* TableViewCellDeporte.swift in Sources */ = {isa = PBXBuildFile; fileRef = E6BA1B9B2464F2740009A5AA /* TableViewCellDeporte.swift */; };
		E6BA1B9E2464F2840009A5AA /* TableViewCellTarea.swift in Sources */ = {isa = PBXBuildFile; fileRef = E6BA1B9D2464F2840009A5AA /* TableViewCellTarea.swift */; };
		E6BA1BA02464F2A70009A5AA /* TableViewCellCompras.swift in Sources */ = {isa = PBXBuildFile; fileRef = E6BA1B9F2464F2A70009A5AA /* TableViewCellCompras.swift */; };
		E6BA1BA22464F2C40009A5AA /* TableViewCellDevCas.swift in Sources */ = {isa = PBXBuildFile; fileRef = E6BA1BA12464F2C40009A5AA /* TableViewCellDevCas.swift */; };
/* End PBXBuildFile section */

/* Begin PBXFileReference section */
		E6086FF72478A94E00BAA4AB /* ViewControllerEdit.swift */ = {isa = PBXFileReference; lastKnownFileType = sourcecode.swift; path = ViewControllerEdit.swift; sourceTree = "<group>"; };
		E63A1A8F2452A77C0027B34F /* AppAgenda.app */ = {isa = PBXFileReference; explicitFileType = wrapper.application; includeInIndex = 0; path = AppAgenda.app; sourceTree = BUILT_PRODUCTS_DIR; };
		E63A1A922452A77C0027B34F /* AppDelegate.swift */ = {isa = PBXFileReference; lastKnownFileType = sourcecode.swift; path = AppDelegate.swift; sourceTree = "<group>"; };
		E63A1A942452A77C0027B34F /* ViewController.swift */ = {isa = PBXFileReference; lastKnownFileType = sourcecode.swift; path = ViewController.swift; sourceTree = "<group>"; };
		E63A1A972452A77C0027B34F /* Base */ = {isa = PBXFileReference; lastKnownFileType = file.storyboard; name = Base; path = Base.lproj/Main.storyboard; sourceTree = "<group>"; };
		E63A1A9A2452A77C0027B34F /* AppAgenda.xcdatamodel */ = {isa = PBXFileReference; lastKnownFileType = wrapper.xcdatamodel; path = AppAgenda.xcdatamodel; sourceTree = "<group>"; };
		E63A1A9C2452A77E0027B34F /* Assets.xcassets */ = {isa = PBXFileReference; lastKnownFileType = folder.assetcatalog; path = Assets.xcassets; sourceTree = "<group>"; };
		E63A1A9F2452A77E0027B34F /* Base */ = {isa = PBXFileReference; lastKnownFileType = file.storyboard; name = Base; path = Base.lproj/LaunchScreen.storyboard; sourceTree = "<group>"; };
		E63A1AA12452A77E0027B34F /* Info.plist */ = {isa = PBXFileReference; lastKnownFileType = text.plist.xml; path = Info.plist; sourceTree = "<group>"; };
		E67CED0D2478C0360030D734 /* jsonClass.swift */ = {isa = PBXFileReference; lastKnownFileType = sourcecode.swift; path = jsonClass.swift; sourceTree = "<group>"; };
		E6B66FB22465E83300EC5FD5 /* Agenda.swift */ = {isa = PBXFileReference; lastKnownFileType = sourcecode.swift; path = Agenda.swift; sourceTree = "<group>"; };
		E6BA1B912464F1B90009A5AA /* ViewControllerAgregar.swift */ = {isa = PBXFileReference; lastKnownFileType = sourcecode.swift; path = ViewControllerAgregar.swift; sourceTree = "<group>"; };
		E6BA1B932464F1FC0009A5AA /* TableViewControllerTarea.swift */ = {isa = PBXFileReference; lastKnownFileType = sourcecode.swift; path = TableViewControllerTarea.swift; sourceTree = "<group>"; };
		E6BA1B952464F20E0009A5AA /* TableViewControllerDeporte.swift */ = {isa = PBXFileReference; lastKnownFileType = sourcecode.swift; path = TableViewControllerDeporte.swift; sourceTree = "<group>"; };
		E6BA1B972464F23D0009A5AA /* TableViewControllerCompra.swift */ = {isa = PBXFileReference; lastKnownFileType = sourcecode.swift; path = TableViewControllerCompra.swift; sourceTree = "<group>"; };
		E6BA1B992464F2530009A5AA /* TableViewControllerDevcas.swift */ = {isa = PBXFileReference; lastKnownFileType = sourcecode.swift; path = TableViewControllerDevcas.swift; sourceTree = "<group>"; };
		E6BA1B9B2464F2740009A5AA /* TableViewCellDeporte.swift */ = {isa = PBXFileReference; lastKnownFileType = sourcecode.swift; path = TableViewCellDeporte.swift; sourceTree = "<group>"; };
		E6BA1B9D2464F2840009A5AA /* TableViewCellTarea.swift */ = {isa = PBXFileReference; lastKnownFileType = sourcecode.swift; path = TableViewCellTarea.swift; sourceTree = "<group>"; };
		E6BA1B9F2464F2A70009A5AA /* TableViewCellCompras.swift */ = {isa = PBXFileReference; lastKnownFileType = sourcecode.swift; path = TableViewCellCompras.swift; sourceTree = "<group>"; };
		E6BA1BA12464F2C40009A5AA /* TableViewCellDevCas.swift */ = {isa = PBXFileReference; lastKnownFileType = sourcecode.swift; path = TableViewCellDevCas.swift; sourceTree = "<group>"; };
/* End PBXFileReference section */

/* Begin PBXFrameworksBuildPhase section */
		E63A1A8C2452A77C0027B34F /* Frameworks */ = {
			isa = PBXFrameworksBuildPhase;
			buildActionMask = 2147483647;
			files = (
			);
			runOnlyForDeploymentPostprocessing = 0;
		};
/* End PBXFrameworksBuildPhase section */

/* Begin PBXGroup section */
		E63A1A862452A77C0027B34F = {
			isa = PBXGroup;
			children = (
				E63A1A912452A77C0027B34F /* AppAgenda */,
				E63A1A902452A77C0027B34F /* Products */,
			);
			sourceTree = "<group>";
		};
		E63A1A902452A77C0027B34F /* Products */ = {
			isa = PBXGroup;
			children = (
				E63A1A8F2452A77C0027B34F /* AppAgenda.app */,
			);
			name = Products;
			sourceTree = "<group>";
		};
		E63A1A912452A77C0027B34F /* AppAgenda */ = {
			isa = PBXGroup;
			children = (
				E63A1A922452A77C0027B34F /* AppDelegate.swift */,
				E63A1A942452A77C0027B34F /* ViewController.swift */,
				E63A1A962452A77C0027B34F /* Main.storyboard */,
				E63A1A9C2452A77E0027B34F /* Assets.xcassets */,
				E63A1A9E2452A77E0027B34F /* LaunchScreen.storyboard */,
				E63A1AA12452A77E0027B34F /* Info.plist */,
				E63A1A992452A77C0027B34F /* AppAgenda.xcdatamodeld */,
				E6BA1B912464F1B90009A5AA /* ViewControllerAgregar.swift */,
				E6BA1B932464F1FC0009A5AA /* TableViewControllerTarea.swift */,
				E6BA1B952464F20E0009A5AA /* TableViewControllerDeporte.swift */,
				E6BA1B972464F23D0009A5AA /* TableViewControllerCompra.swift */,
				E6BA1B992464F2530009A5AA /* TableViewControllerDevcas.swift */,
				E6BA1B9B2464F2740009A5AA /* TableViewCellDeporte.swift */,
				E6BA1B9D2464F2840009A5AA /* TableViewCellTarea.swift */,
				E6BA1B9F2464F2A70009A5AA /* TableViewCellCompras.swift */,
				E6BA1BA12464F2C40009A5AA /* TableViewCellDevCas.swift */,
				E6B66FB22465E83300EC5FD5 /* Agenda.swift */,
				E6086FF72478A94E00BAA4AB /* ViewControllerEdit.swift */,
				E67CED0D2478C0360030D734 /* jsonClass.swift */,
			);
			path = AppAgenda;
			sourceTree = "<group>";
		};
/* End PBXGroup section */

/* Begin PBXNativeTarget section */
		E63A1A8E2452A77C0027B34F /* AppAgenda */ = {
			isa = PBXNativeTarget;
			buildConfigurationList = E63A1AA42452A77E0027B34F /* Build configuration list for PBXNativeTarget "AppAgenda" */;
			buildPhases = (
				E63A1A8B2452A77C0027B34F /* Sources */,
				E63A1A8C2452A77C0027B34F /* Frameworks */,
				E63A1A8D2452A77C0027B34F /* Resources */,
			);
			buildRules = (
			);
			dependencies = (
			);
			name = AppAgenda;
			productName = AppAgenda;
			productReference = E63A1A8F2452A77C0027B34F /* AppAgenda.app */;
			productType = "com.apple.product-type.application";
		};
/* End PBXNativeTarget section */

/* Begin PBXProject section */
		E63A1A872452A77C0027B34F /* Project object */ = {
			isa = PBXProject;
			attributes = {
				LastSwiftUpdateCheck = 1010;
				LastUpgradeCheck = 1010;
				ORGANIZATIONNAME = HP;
				TargetAttributes = {
					E63A1A8E2452A77C0027B34F = {
						CreatedOnToolsVersion = 10.1;
					};
				};
			};
			buildConfigurationList = E63A1A8A2452A77C0027B34F /* Build configuration list for PBXProject "AppAgenda" */;
			compatibilityVersion = "Xcode 9.3";
			developmentRegion = en;
			hasScannedForEncodings = 0;
			knownRegions = (
				en,
				Base,
			);
			mainGroup = E63A1A862452A77C0027B34F;
			productRefGroup = E63A1A902452A77C0027B34F /* Products */;
			projectDirPath = "";
			projectRoot = "";
			targets = (
				E63A1A8E2452A77C0027B34F /* AppAgenda */,
			);
		};
/* End PBXProject section */

/* Begin PBXResourcesBuildPhase section */
		E63A1A8D2452A77C0027B34F /* Resources */ = {
			isa = PBXResourcesBuildPhase;
			buildActionMask = 2147483647;
			files = (
				E63A1AA02452A77E0027B34F /* LaunchScreen.storyboard in Resources */,
				E63A1A9D2452A77E0027B34F /* Assets.xcassets in Resources */,
				E63A1A982452A77C0027B34F /* Main.storyboard in Resources */,
			);
			runOnlyForDeploymentPostprocessing = 0;
		};
/* End PBXResourcesBuildPhase section */

/* Begin PBXSourcesBuildPhase section */
		E63A1A8B2452A77C0027B34F /* Sources */ = {
			isa = PBXSourcesBuildPhase;
			buildActionMask = 2147483647;
			files = (
				E63A1A952452A77C0027B34F /* ViewController.swift in Sources */,
				E6BA1B9C2464F2740009A5AA /* TableViewCellDeporte.swift in Sources */,
				E6BA1B922464F1B90009A5AA /* ViewControllerAgregar.swift in Sources */,
				E6BA1B982464F23D0009A5AA /* TableViewControllerCompra.swift in Sources */,
				E6B66FB32465E83300EC5FD5 /* Agenda.swift in Sources */,
				E63A1A9B2452A77C0027B34F /* AppAgenda.xcdatamodeld in Sources */,
				E6BA1B9A2464F2530009A5AA /* TableViewControllerDevcas.swift in Sources */,
				E63A1A932452A77C0027B34F /* AppDelegate.swift in Sources */,
				E6086FF82478A94E00BAA4AB /* ViewControllerEdit.swift in Sources */,
				E6BA1B962464F20E0009A5AA /* TableViewControllerDeporte.swift in Sources */,
				E67CED0E2478C0360030D734 /* jsonClass.swift in Sources */,
				E6BA1BA02464F2A70009A5AA /* TableViewCellCompras.swift in Sources */,
				E6BA1B9E2464F2840009A5AA /* TableViewCellTarea.swift in Sources */,
				E6BA1B942464F1FC0009A5AA /* TableViewControllerTarea.swift in Sources */,
				E6BA1BA22464F2C40009A5AA /* TableViewCellDevCas.swift in Sources */,
			);
			runOnlyForDeploymentPostprocessing = 0;
		};
/* End PBXSourcesBuildPhase section */

/* Begin PBXVariantGroup section */
		E63A1A962452A77C0027B34F /* Main.storyboard */ = {
			isa = PBXVariantGroup;
			children = (
				E63A1A972452A77C0027B34F /* Base */,
			);
			name = Main.storyboard;
			sourceTree = "<group>";
		};
		E63A1A9E2452A77E0027B34F /* LaunchScreen.storyboard */ = {
			isa = PBXVariantGroup;
			children = (
				E63A1A9F2452A77E0027B34F /* Base */,
			);
			name = LaunchScreen.storyboard;
			sourceTree = "<group>";
		};
/* End PBXVariantGroup section */

/* Begin XCBuildConfiguration section */
		E63A1AA22452A77E0027B34F /* Debug */ = {
			isa = XCBuildConfiguration;
			buildSettings = {
				ALWAYS_SEARCH_USER_PATHS = NO;
				CLANG_ANALYZER_NONNULL = YES;
				CLANG_ANALYZER_NUMBER_OBJECT_CONVERSION = YES_AGGRESSIVE;
				CLANG_CXX_LANGUAGE_STANDARD = "gnu++14";
				CLANG_CXX_LIBRARY = "libc++";
				CLANG_ENABLE_MODULES = YES;
				CLANG_ENABLE_OBJC_ARC = YES;
				CLANG_ENABLE_OBJC_WEAK = YES;
				CLANG_WARN_BLOCK_CAPTURE_AUTORELEASING = YES;
				CLANG_WARN_BOOL_CONVERSION = YES;
				CLANG_WARN_COMMA = YES;
				CLANG_WARN_CONSTANT_CONVERSION = YES;
				CLANG_WARN_DEPRECATED_OBJC_IMPLEMENTATIONS = YES;
				CLANG_WARN_DIRECT_OBJC_ISA_USAGE = YES_ERROR;
				CLANG_WARN_DOCUMENTATION_COMMENTS = YES;
				CLANG_WARN_EMPTY_BODY = YES;
				CLANG_WARN_ENUM_CONVERSION = YES;
				CLANG_WARN_INFINITE_RECURSION = YES;
				CLANG_WARN_INT_CONVERSION = YES;
				CLANG_WARN_NON_LITERAL_NULL_CONVERSION = YES;
				CLANG_WARN_OBJC_IMPLICIT_RETAIN_SELF = YES;
				CLANG_WARN_OBJC_LITERAL_CONVERSION = YES;
				CLANG_WARN_OBJC_ROOT_CLASS = YES_ERROR;
				CLANG_WARN_RANGE_LOOP_ANALYSIS = YES;
				CLANG_WARN_STRICT_PROTOTYPES = YES;
				CLANG_WARN_SUSPICIOUS_MOVE = YES;
				CLANG_WARN_UNGUARDED_AVAILABILITY = YES_AGGRESSIVE;
				CLANG_WARN_UNREACHABLE_CODE = YES;
				CLANG_WARN__DUPLICATE_METHOD_MATCH = YES;
				CODE_SIGN_IDENTITY = "iPhone Developer";
				COPY_PHASE_STRIP = NO;
				DEBUG_INFORMATION_FORMAT = dwarf;
				ENABLE_STRICT_OBJC_MSGSEND = YES;
				ENABLE_TESTABILITY = YES;
				GCC_C_LANGUAGE_STANDARD = gnu11;
				GCC_DYNAMIC_NO_PIC = NO;
				GCC_NO_COMMON_BLOCKS = YES;
				GCC_OPTIMIZATION_LEVEL = 0;
				GCC_PREPROCESSOR_DEFINITIONS = (
					"DEBUG=1",
					"$(inherited)",
				);
				GCC_WARN_64_TO_32_BIT_CONVERSION = YES;
				GCC_WARN_ABOUT_RETURN_TYPE = YES_ERROR;
				GCC_WARN_UNDECLARED_SELECTOR = YES;
				GCC_WARN_UNINITIALIZED_AUTOS = YES_AGGRESSIVE;
				GCC_WARN_UNUSED_FUNCTION = YES;
				GCC_WARN_UNUSED_VARIABLE = YES;
				IPHONEOS_DEPLOYMENT_TARGET = 12.1;
				MTL_ENABLE_DEBUG_INFO = INCLUDE_SOURCE;
				MTL_FAST_MATH = YES;
				ONLY_ACTIVE_ARCH = YES;
				SDKROOT = iphoneos;
				SWIFT_ACTIVE_COMPILATION_CONDITIONS = DEBUG;
				SWIFT_OPTIMIZATION_LEVEL = "-Onone";
			};
			name = Debug;
		};
		E63A1AA32452A77E0027B34F /* Release */ = {
			isa = XCBuildConfiguration;
			buildSettings = {
				ALWAYS_SEARCH_USER_PATHS = NO;
				CLANG_ANALYZER_NONNULL = YES;
				CLANG_ANALYZER_NUMBER_OBJECT_CONVERSION = YES_AGGRESSIVE;
				CLANG_CXX_LANGUAGE_STANDARD = "gnu++14";
				CLANG_CXX_LIBRARY = "libc++";
				CLANG_ENABLE_MODULES = YES;
				CLANG_ENABLE_OBJC_ARC = YES;
				CLANG_ENABLE_OBJC_WEAK = YES;
				CLANG_WARN_BLOCK_CAPTURE_AUTORELEASING = YES;
				CLANG_WARN_BOOL_CONVERSION = YES;
				CLANG_WARN_COMMA = YES;
				CLANG_WARN_CONSTANT_CONVERSION = YES;
				CLANG_WARN_DEPRECATED_OBJC_IMPLEMENTATIONS = YES;
				CLANG_WARN_DIRECT_OBJC_ISA_USAGE = YES_ERROR;
				CLANG_WARN_DOCUMENTATION_COMMENTS = YES;
				CLANG_WARN_EMPTY_BODY = YES;
				CLANG_WARN_ENUM_CONVERSION = YES;
				CLANG_WARN_INFINITE_RECURSION = YES;
				CLANG_WARN_INT_CONVERSION = YES;
				CLANG_WARN_NON_LITERAL_NULL_CONVERSION = YES;
				CLANG_WARN_OBJC_IMPLICIT_RETAIN_SELF = YES;
				CLANG_WARN_OBJC_LITERAL_CONVERSION = YES;
				CLANG_WARN_OBJC_ROOT_CLASS = YES_ERROR;
				CLANG_WARN_RANGE_LOOP_ANALYSIS = YES;
				CLANG_WARN_STRICT_PROTOTYPES = YES;
				CLANG_WARN_SUSPICIOUS_MOVE = YES;
				CLANG_WARN_UNGUARDED_AVAILABILITY = YES_AGGRESSIVE;
				CLANG_WARN_UNREACHABLE_CODE = YES;
				CLANG_WARN__DUPLICATE_METHOD_MATCH = YES;
				CODE_SIGN_IDENTITY = "iPhone Developer";
				COPY_PHASE_STRIP = NO;
				DEBUG_INFORMATION_FORMAT = "dwarf-with-dsym";
				ENABLE_NS_ASSERTIONS = NO;
				ENABLE_STRICT_OBJC_MSGSEND = YES;
				GCC_C_LANGUAGE_STANDARD = gnu11;
				GCC_NO_COMMON_BLOCKS = YES;
				GCC_WARN_64_TO_32_BIT_CONVERSION = YES;
				GCC_WARN_ABOUT_RETURN_TYPE = YES_ERROR;
				GCC_WARN_UNDECLARED_SELECTOR = YES;
				GCC_WARN_UNINITIALIZED_AUTOS = YES_AGGRESSIVE;
				GCC_WARN_UNUSED_FUNCTION = YES;
				GCC_WARN_UNUSED_VARIABLE = YES;
				IPHONEOS_DEPLOYMENT_TARGET = 12.1;
				MTL_ENABLE_DEBUG_INFO = NO;
				MTL_FAST_MATH = YES;
				SDKROOT = iphoneos;
				SWIFT_COMPILATION_MODE = wholemodule;
				SWIFT_OPTIMIZATION_LEVEL = "-O";
				VALIDATE_PRODUCT = YES;
			};
			name = Release;
		};
		E63A1AA52452A77E0027B34F /* Debug */ = {
			isa = XCBuildConfiguration;
			buildSettings = {
				ASSETCATALOG_COMPILER_APPICON_NAME = AppIcon;
				CODE_SIGN_STYLE = Automatic;
				INFOPLIST_FILE = AppAgenda/Info.plist;
				LD_RUNPATH_SEARCH_PATHS = (
					"$(inherited)",
					"@executable_path/Frameworks",
				);
				PRODUCT_BUNDLE_IDENTIFIER = hp.AppAgenda;
				PRODUCT_NAME = "$(TARGET_NAME)";
				SWIFT_VERSION = 4.2;
				TARGETED_DEVICE_FAMILY = "1,2";
			};
			name = Debug;
		};
		E63A1AA62452A77E0027B34F /* Release */ = {
			isa = XCBuildConfiguration;
			buildSettings = {
				ASSETCATALOG_COMPILER_APPICON_NAME = AppIcon;
				CODE_SIGN_STYLE = Automatic;
				INFOPLIST_FILE = AppAgenda/Info.plist;
				LD_RUNPATH_SEARCH_PATHS = (
					"$(inherited)",
					"@executable_path/Frameworks",
				);
				PRODUCT_BUNDLE_IDENTIFIER = hp.AppAgenda;
				PRODUCT_NAME = "$(TARGET_NAME)";
				SWIFT_VERSION = 4.2;
				TARGETED_DEVICE_FAMILY = "1,2";
			};
			name = Release;
		};
/* End XCBuildConfiguration section */

/* Begin XCConfigurationList section */
		E63A1A8A2452A77C0027B34F /* Build configuration list for PBXProject "AppAgenda" */ = {
			isa = XCConfigurationList;
			buildConfigurations = (
				E63A1AA22452A77E0027B34F /* Debug */,
				E63A1AA32452A77E0027B34F /* Release */,
			);
			defaultConfigurationIsVisible = 0;
			defaultConfigurationName = Release;
		};
		E63A1AA42452A77E0027B34F /* Build configuration list for PBXNativeTarget "AppAgenda" */ = {
			isa = XCConfigurationList;
			buildConfigurations = (
				E63A1AA52452A77E0027B34F /* Debug */,
				E63A1AA62452A77E0027B34F /* Release */,
			);
			defaultConfigurationIsVisible = 0;
			defaultConfigurationName = Release;
		};
/* End XCConfigurationList section */

/* Begin XCVersionGroup section */
		E63A1A992452A77C0027B34F /* AppAgenda.xcdatamodeld */ = {
			isa = XCVersionGroup;
			children = (
				E63A1A9A2452A77C0027B34F /* AppAgenda.xcdatamodel */,
			);
			currentVersion = E63A1A9A2452A77C0027B34F /* AppAgenda.xcdatamodel */;
			path = AppAgenda.xcdatamodeld;
			sourceTree = "<group>";
			versionGroupType = wrapper.xcdatamodel;
		};
/* End XCVersionGroup section */
	};
	rootObject = E63A1A872452A77C0027B34F /* Project object */;
}
